
Microsoft Visual Studio Solution File, Format Version 12.00
# Visual Studio Version 17
VisualStudioVersion = 17.11.35327.3
MinimumVisualStudioVersion = 10.0.40219.1
Project("{FAE04EC0-301F-11D3-BF4B-00C04F79EFBC}") = "Angajati", "Angajati\Angajati.csproj", "{1C8A6E31-D84B-4679-8FDD-CF5E4B913FFE}"
EndProject
Global
	GlobalSection(SolutionConfigurationPlatforms) = preSolution
		Debug|Any CPU = Debug|Any CPU
		Release|Any CPU = Release|Any CPU
	EndGlobalSection
	GlobalSection(ProjectConfigurationPlatforms) = postSolution
		{1C8A6E31-D84B-4679-8FDD-CF5E4B913FFE}.Debug|Any CPU.ActiveCfg = Debug|Any CPU
		{1C8A6E31-D84B-4679-8FDD-CF5E4B913FFE}.Debug|Any CPU.Build.0 = Debug|Any CPU
		{1C8A6E31-D84B-4679-8FDD-CF5E4B913FFE}.Release|Any CPU.ActiveCfg = Release|Any CPU
		{1C8A6E31-D84B-4679-8FDD-CF5E4B913FFE}.Release|Any CPU.Build.0 = Release|Any CPU
	EndGlobalSection
	GlobalSection(SolutionProperties) = preSolution
		HideSolutionNode = FALSE
	EndGlobalSection
	GlobalSection(ExtensibilityGlobals) = postSolution
		SolutionGuid = {C724106C-5C29-4510-9FA1-05C74F03AF45}
	EndGlobalSection
EndGlobal
